
Microsoft Visual Studio Solution File, Format Version 12.00
# Visual Studio Version 17
VisualStudioVersion = 17.14.36221.1 d17.14
MinimumVisualStudioVersion = 10.0.40219.1
Project("{FAE04EC0-301F-11D3-BF4B-00C04F79EFBC}") = "CallbackMethod", "CallbackMethod\CallbackMethod.csproj", "{167D1686-E69A-4FE4-9B35-47733D715545}"
EndProject
Global
	GlobalSection(SolutionConfigurationPlatforms) = preSolution
		Debug|Any CPU = Debug|Any CPU
		Release|Any CPU = Release|Any CPU
	EndGlobalSection
	GlobalSection(ProjectConfigurationPlatforms) = postSolution
		{167D1686-E69A-4FE4-9B35-47733D715545}.Debug|Any CPU.ActiveCfg = Debug|Any CPU
		{167D1686-E69A-4FE4-9B35-47733D715545}.Debug|Any CPU.Build.0 = Debug|Any CPU
		{167D1686-E69A-4FE4-9B35-47733D715545}.Release|Any CPU.ActiveCfg = Release|Any CPU
		{167D1686-E69A-4FE4-9B35-47733D715545}.Release|Any CPU.Build.0 = Release|Any CPU
	EndGlobalSection
	GlobalSection(SolutionProperties) = preSolution
		HideSolutionNode = FALSE
	EndGlobalSection
	GlobalSection(ExtensibilityGlobals) = postSolution
		SolutionGuid = {0F40F467-50DE-4151-8BBC-1073150E9A22}
	EndGlobalSection
EndGlobal
