
Microsoft Visual Studio Solution File, Format Version 12.00
# Visual Studio Version 17
VisualStudioVersion = 17.14.36221.1 d17.14
MinimumVisualStudioVersion = 10.0.40219.1
Project("{FAE04EC0-301F-11D3-BF4B-00C04F79EFBC}") = "Abstraction", "Abstraction\Abstraction.csproj", "{F7E0268E-AE0E-4EA5-B7B9-3B14C8EC12C9}"
EndProject
Global
	GlobalSection(SolutionConfigurationPlatforms) = preSolution
		Debug|Any CPU = Debug|Any CPU
		Release|Any CPU = Release|Any CPU
	EndGlobalSection
	GlobalSection(ProjectConfigurationPlatforms) = postSolution
		{F7E0268E-AE0E-4EA5-B7B9-3B14C8EC12C9}.Debug|Any CPU.ActiveCfg = Debug|Any CPU
		{F7E0268E-AE0E-4EA5-B7B9-3B14C8EC12C9}.Debug|Any CPU.Build.0 = Debug|Any CPU
		{F7E0268E-AE0E-4EA5-B7B9-3B14C8EC12C9}.Release|Any CPU.ActiveCfg = Release|Any CPU
		{F7E0268E-AE0E-4EA5-B7B9-3B14C8EC12C9}.Release|Any CPU.Build.0 = Release|Any CPU
	EndGlobalSection
	GlobalSection(SolutionProperties) = preSolution
		HideSolutionNode = FALSE
	EndGlobalSection
	GlobalSection(ExtensibilityGlobals) = postSolution
		SolutionGuid = {637F298B-3E31-44C4-98DC-915BFFAEE7F8}
	EndGlobalSection
EndGlobal
