
Microsoft Visual Studio Solution File, Format Version 12.00
# Visual Studio Version 17
VisualStudioVersion = 17.14.36221.1 d17.14
MinimumVisualStudioVersion = 10.0.40219.1
Project("{FAE04EC0-301F-11D3-BF4B-00C04F79EFBC}") = "GenericClasses", "GenericClasses\GenericClasses.csproj", "{7970F911-427F-456F-AB3F-D2ADD34E0B57}"
EndProject
Global
	GlobalSection(SolutionConfigurationPlatforms) = preSolution
		Debug|Any CPU = Debug|Any CPU
		Release|Any CPU = Release|Any CPU
	EndGlobalSection
	GlobalSection(ProjectConfigurationPlatforms) = postSolution
		{7970F911-427F-456F-AB3F-D2ADD34E0B57}.Debug|Any CPU.ActiveCfg = Debug|Any CPU
		{7970F911-427F-456F-AB3F-D2ADD34E0B57}.Debug|Any CPU.Build.0 = Debug|Any CPU
		{7970F911-427F-456F-AB3F-D2ADD34E0B57}.Release|Any CPU.ActiveCfg = Release|Any CPU
		{7970F911-427F-456F-AB3F-D2ADD34E0B57}.Release|Any CPU.Build.0 = Release|Any CPU
	EndGlobalSection
	GlobalSection(SolutionProperties) = preSolution
		HideSolutionNode = FALSE
	EndGlobalSection
	GlobalSection(ExtensibilityGlobals) = postSolution
		SolutionGuid = {B6785053-BEA5-4403-8C93-2A36D6C9E9A1}
	EndGlobalSection
EndGlobal
