
Microsoft Visual Studio Solution File, Format Version 12.00
# Visual Studio Version 17
VisualStudioVersion = 17.14.36221.1 d17.14
MinimumVisualStudioVersion = 10.0.40219.1
Project("{FAE04EC0-301F-11D3-BF4B-00C04F79EFBC}") = "Interfaces", "Interfaces\Interfaces.csproj", "{53F6E2DE-3AA9-4369-9209-64FE74AF3A33}"
EndProject
Global
	GlobalSection(SolutionConfigurationPlatforms) = preSolution
		Debug|Any CPU = Debug|Any CPU
		Release|Any CPU = Release|Any CPU
	EndGlobalSection
	GlobalSection(ProjectConfigurationPlatforms) = postSolution
		{53F6E2DE-3AA9-4369-9209-64FE74AF3A33}.Debug|Any CPU.ActiveCfg = Debug|Any CPU
		{53F6E2DE-3AA9-4369-9209-64FE74AF3A33}.Debug|Any CPU.Build.0 = Debug|Any CPU
		{53F6E2DE-3AA9-4369-9209-64FE74AF3A33}.Release|Any CPU.ActiveCfg = Release|Any CPU
		{53F6E2DE-3AA9-4369-9209-64FE74AF3A33}.Release|Any CPU.Build.0 = Release|Any CPU
	EndGlobalSection
	GlobalSection(SolutionProperties) = preSolution
		HideSolutionNode = FALSE
	EndGlobalSection
	GlobalSection(ExtensibilityGlobals) = postSolution
		SolutionGuid = {873B1CBF-C4D5-4D0B-9A85-A15F1092FA15}
	EndGlobalSection
EndGlobal
